
Microsoft Visual Studio Solution File, Format Version 12.00
# Visual Studio Version 17
VisualStudioVersion = 17.7.34031.279
MinimumVisualStudioVersion = 10.0.40219.1
Project("{FAE04EC0-301F-11D3-BF4B-00C04F79EFBC}") = "Person", "Person\Person.csproj", "{8C396F51-E979-45D0-A83E-0FFFCD6099EA}"
EndProject
Global
	GlobalSection(SolutionConfigurationPlatforms) = preSolution
		Debug|Any CPU = Debug|Any CPU
		Release|Any CPU = Release|Any CPU
	EndGlobalSection
	GlobalSection(ProjectConfigurationPlatforms) = postSolution
		{8C396F51-E979-45D0-A83E-0FFFCD6099EA}.Debug|Any CPU.ActiveCfg = Debug|Any CPU
		{8C396F51-E979-45D0-A83E-0FFFCD6099EA}.Debug|Any CPU.Build.0 = Debug|Any CPU
		{8C396F51-E979-45D0-A83E-0FFFCD6099EA}.Release|Any CPU.ActiveCfg = Release|Any CPU
		{8C396F51-E979-45D0-A83E-0FFFCD6099EA}.Release|Any CPU.Build.0 = Release|Any CPU
	EndGlobalSection
	GlobalSection(SolutionProperties) = preSolution
		HideSolutionNode = FALSE
	EndGlobalSection
	GlobalSection(ExtensibilityGlobals) = postSolution
		SolutionGuid = {9C85395C-757E-4C86-B7C3-5CEEB49C3BE7}
	EndGlobalSection
EndGlobal
